
Microsoft Visual Studio Solution File, Format Version 12.00
# Visual Studio Version 17
VisualStudioVersion = 17.11.35327.3
MinimumVisualStudioVersion = 10.0.40219.1
Project("{9A19103F-16F7-4668-BE54-9A1E7A4F7556}") = "FunctionApp101", "FunctionApp101\FunctionApp101.csproj", "{FF48205A-DDDF-404E-898D-0398EDBE128C}"
EndProject
Project("{FAE04EC0-301F-11D3-BF4B-00C04F79EFBC}") = "FunctionApp101.AppHost", "FunctionApp101.AppHost\FunctionApp101.AppHost.csproj", "{B63BA1AA-07CA-4302-88B3-256FDAE72733}"
EndProject
Project("{9A19103F-16F7-4668-BE54-9A1E7A4F7556}") = "FunctionApp101.ServiceDefaults", "FunctionApp101.ServiceDefaults\FunctionApp101.ServiceDefaults.csproj", "{1613E876-BF11-4C67-9AD6-B55FA0E671A3}"
EndProject
Global
	GlobalSection(SolutionConfigurationPlatforms) = preSolution
		Debug|Any CPU = Debug|Any CPU
		Release|Any CPU = Release|Any CPU
	EndGlobalSection
	GlobalSection(ProjectConfigurationPlatforms) = postSolution
		{FF48205A-DDDF-404E-898D-0398EDBE128C}.Debug|Any CPU.ActiveCfg = Debug|Any CPU
		{FF48205A-DDDF-404E-898D-0398EDBE128C}.Debug|Any CPU.Build.0 = Debug|Any CPU
		{FF48205A-DDDF-404E-898D-0398EDBE128C}.Release|Any CPU.ActiveCfg = Release|Any CPU
		{FF48205A-DDDF-404E-898D-0398EDBE128C}.Release|Any CPU.Build.0 = Release|Any CPU
		{B63BA1AA-07CA-4302-88B3-256FDAE72733}.Debug|Any CPU.ActiveCfg = Debug|Any CPU
		{B63BA1AA-07CA-4302-88B3-256FDAE72733}.Debug|Any CPU.Build.0 = Debug|Any CPU
		{B63BA1AA-07CA-4302-88B3-256FDAE72733}.Release|Any CPU.ActiveCfg = Release|Any CPU
		{B63BA1AA-07CA-4302-88B3-256FDAE72733}.Release|Any CPU.Build.0 = Release|Any CPU
		{1613E876-BF11-4C67-9AD6-B55FA0E671A3}.Debug|Any CPU.ActiveCfg = Debug|Any CPU
		{1613E876-BF11-4C67-9AD6-B55FA0E671A3}.Debug|Any CPU.Build.0 = Debug|Any CPU
		{1613E876-BF11-4C67-9AD6-B55FA0E671A3}.Release|Any CPU.ActiveCfg = Release|Any CPU
		{1613E876-BF11-4C67-9AD6-B55FA0E671A3}.Release|Any CPU.Build.0 = Release|Any CPU
	EndGlobalSection
	GlobalSection(SolutionProperties) = preSolution
		HideSolutionNode = FALSE
	EndGlobalSection
	GlobalSection(ExtensibilityGlobals) = postSolution
		SolutionGuid = {34E442FA-7192-4220-A64C-B7FC758FA3B1}
	EndGlobalSection
EndGlobal
